github.com/Resaec/go-md5mac v0.0.0-20230628131326-75658997906d h1:QfMPCclSSrmAtcy3RzVJHQahzrMKRoxiCX6xDCQbt/o=
github.com/Resaec/go-md5mac v0.0.0-20230628131326-75658997906d/go.mod h1:fPN3LdBo7w5DbedGOfbblnd2Ky1ym8YarH15//YH6sk=
github.com/Resaec/go-rc5 v0.0.0-20230628144122-2ccc731f5d15 h1:FVqn7Ct9k0dwQh298tnKyoJ1yX+MU5W7s0kcbImrobc=
github.com/Resaec/go-rc5 v0.0.0-20230628144122-2ccc731f5d15/go.mod h1:zUKz+y9rr5ULE9jlxalhb07JAgd8A4BR1ng4jjNuDiw=
github.com/monnand/dhkx v0.0.0-20180522003156-9e5b033f1ac4 h1:UsjqpfLSsCM5SVN5OGhiWJnxDokyT74E6Ahj6kVZxh8=
github.com/monnand/dhkx v0.0.0-20180522003156-9e5b033f1ac4/go.mod h1:/cxRiYq8L/bpGLJJJ7mN66Qv2nj915TfJdujDVyYVGA=
golang.org/x/exp v0.0.0-20230626212559-97b1e661b5df h1:UA2aFVmmsIlefxMk29Dp2juaUSth8Pyn3Tq5Y5mJGME=
golang.org/x/exp v0.0.0-20230626212559-97b1e661b5df/go.mod h1:FXUEEKJgO7OQYeo8N01OfiKP8RXMtf6e8aTskBGqWdc=
